{
  "version": 4,
  "terraform_version": "1.1.9",
  "serial": 12,
  "lineage": "600d118e-a6c4-0fa5-2b5e-3d35bc092fa3",
  "outputs": {
    "kubernetes_cluster_host": {
      "value": "35.225.23.137",
      "type": "string"
    },
    "kubernetes_cluster_name": {
      "value": "tcc-fairdp-ufrj-gke",
      "type": "string"
    },
    "project_id": {
      "value": "tcc-fairdp-ufrj",
      "type": "string"
    },
    "region": {
      "value": "us-central1",
      "type": "string"
    },
    "zone": {
      "value": "us-central1-a",
      "type": "string"
    }
  },
  "resources": [
    {
      "mode": "managed",
      "type": "google_compute_network",
      "name": "vpc",
      "provider": "provider[\"registry.terraform.io/hashicorp/google\"]",
      "instances": [
        {
          "schema_version": 0,
          "attributes": {
            "auto_create_subnetworks": false,
            "delete_default_routes_on_create": false,
            "description": "",
            "gateway_ipv4": "",
            "id": "projects/tcc-fairdp-ufrj/global/networks/tcc-fairdp-ufrj-vpc",
            "mtu": 0,
            "name": "tcc-fairdp-ufrj-vpc",
            "project": "tcc-fairdp-ufrj",
            "routing_mode": "REGIONAL",
            "self_link": "https://www.googleapis.com/compute/v1/projects/tcc-fairdp-ufrj/global/networks/tcc-fairdp-ufrj-vpc",
            "timeouts": null
          },
          "sensitive_attributes": [],
          "private": "eyJlMmJmYjczMC1lY2FhLTExZTYtOGY4OC0zNDM2M2JjN2M0YzAiOnsiY3JlYXRlIjoyNDAwMDAwMDAwMDAsImRlbGV0ZSI6MjQwMDAwMDAwMDAwLCJ1cGRhdGUiOjI0MDAwMDAwMDAwMH19"
        }
      ]
    },
    {
      "mode": "managed",
      "type": "google_compute_subnetwork",
      "name": "subnet",
      "provider": "provider[\"registry.terraform.io/hashicorp/google\"]",
      "instances": [
        {
          "schema_version": 0,
          "attributes": {
            "creation_timestamp": "2022-06-17T19:25:50.994-07:00",
            "description": "",
            "fingerprint": null,
            "gateway_address": "10.10.0.1",
            "id": "projects/tcc-fairdp-ufrj/regions/us-central1/subnetworks/tcc-fairdp-ufrj-subnet",
            "ip_cidr_range": "10.10.0.0/24",
            "log_config": [],
            "name": "tcc-fairdp-ufrj-subnet",
            "network": "https://www.googleapis.com/compute/v1/projects/tcc-fairdp-ufrj/global/networks/tcc-fairdp-ufrj-vpc",
            "private_ip_google_access": false,
            "private_ipv6_google_access": "DISABLE_GOOGLE_ACCESS",
            "project": "tcc-fairdp-ufrj",
            "region": "us-central1",
            "secondary_ip_range": [
              {
                "ip_cidr_range": "10.128.0.0/20",
                "range_name": "gke-tcc-fairdp-ufrj-gke-services-bfab4ecf"
              },
              {
                "ip_cidr_range": "10.124.0.0/14",
                "range_name": "gke-tcc-fairdp-ufrj-gke-pods-bfab4ecf"
              }
            ],
            "self_link": "https://www.googleapis.com/compute/v1/projects/tcc-fairdp-ufrj/regions/us-central1/subnetworks/tcc-fairdp-ufrj-subnet",
            "timeouts": null
          },
          "sensitive_attributes": [],
          "private": "eyJlMmJmYjczMC1lY2FhLTExZTYtOGY4OC0zNDM2M2JjN2M0YzAiOnsiY3JlYXRlIjozNjAwMDAwMDAwMDAsImRlbGV0ZSI6MzYwMDAwMDAwMDAwLCJ1cGRhdGUiOjM2MDAwMDAwMDAwMH19",
          "dependencies": [
            "google_compute_network.vpc"
          ]
        }
      ]
    },
    {
      "mode": "managed",
      "type": "google_container_cluster",
      "name": "primary",
      "provider": "provider[\"registry.terraform.io/hashicorp/google\"]",
      "instances": [
        {
          "schema_version": 1,
          "attributes": {
            "addons_config": [
              {
                "cloudrun_config": [],
                "horizontal_pod_autoscaling": [],
                "http_load_balancing": [],
                "network_policy_config": [
                  {
                    "disabled": true
                  }
                ]
              }
            ],
            "authenticator_groups_config": [],
            "cluster_autoscaling": [
              {
                "auto_provisioning_defaults": [
                  {
                    "oauth_scopes": [
                      "https://www.googleapis.com/auth/logging.write",
                      "https://www.googleapis.com/auth/monitoring"
                    ],
                    "service_account": "default"
                  }
                ],
                "enabled": true,
                "resource_limits": [
                  {
                    "maximum": 10,
                    "minimum": 0,
                    "resource_type": "cpu"
                  },
                  {
                    "maximum": 50,
                    "minimum": 0,
                    "resource_type": "memory"
                  }
                ]
              }
            ],
            "cluster_ipv4_cidr": "10.124.0.0/14",
            "database_encryption": [
              {
                "key_name": "",
                "state": "DECRYPTED"
              }
            ],
            "default_max_pods_per_node": 110,
            "description": "",
            "enable_binary_authorization": false,
            "enable_intranode_visibility": null,
            "enable_kubernetes_alpha": false,
            "enable_legacy_abac": false,
            "enable_shielded_nodes": false,
            "enable_tpu": null,
            "endpoint": "35.225.23.137",
            "id": "projects/tcc-fairdp-ufrj/locations/us-central1-a/clusters/tcc-fairdp-ufrj-gke",
            "initial_node_count": 1,
            "instance_group_urls": [
              "https://www.googleapis.com/compute/v1/projects/tcc-fairdp-ufrj/zones/us-central1-a/instanceGroups/gke-tcc-fairdp-ufrj-gke-data-pool-76873e06-grp",
              "https://www.googleapis.com/compute/v1/projects/tcc-fairdp-ufrj/zones/us-central1-a/instanceGroups/gke-tcc-fairdp-ufrj-gke-app-pool-776e5a02-grp"
            ],
            "ip_allocation_policy": [
              {
                "cluster_ipv4_cidr_block": "10.124.0.0/14",
                "cluster_secondary_range_name": "gke-tcc-fairdp-ufrj-gke-pods-bfab4ecf",
                "services_ipv4_cidr_block": "10.128.0.0/20",
                "services_secondary_range_name": "gke-tcc-fairdp-ufrj-gke-services-bfab4ecf"
              }
            ],
            "label_fingerprint": "a9dc16a7",
            "location": "us-central1-a",
            "logging_service": "logging.googleapis.com/kubernetes",
            "maintenance_policy": [],
            "master_auth": [
              {
                "client_certificate": "",
                "client_certificate_config": [
                  {
                    "issue_client_certificate": false
                  }
                ],
                "client_key": "",
                "cluster_ca_certificate": "LS0tLS1CRUdJTiBDRVJUSUZJQ0FURS0tLS0tCk1JSUVMRENDQXBTZ0F3SUJBZ0lRVktETWZBLzhycFVMMFJDTDFKUU04VEFOQmdrcWhraUc5dzBCQVFzRkFEQXYKTVMwd0t3WURWUVFERXlSaFpXTmtOalE0WkMweE5HTTFMVFF4TURJdE9XSTFZaTAxTTJJNE1qSm1ObVV4WW1ZdwpJQmNOTWpJd05qRTRNREUwTkRJM1doZ1BNakExTWpBMk1UQXdNalEwTWpkYU1DOHhMVEFyQmdOVkJBTVRKR0ZsClkyUTJORGhrTFRFMFl6VXROREV3TWkwNVlqVmlMVFV6WWpneU1tWTJaVEZpWmpDQ0FhSXdEUVlKS29aSWh2Y04KQVFFQkJRQURnZ0dQQURDQ0FZb0NnZ0dCQUsyTWJxYmFNbytLUXdseVIwb1ZVOVM0a1ZlNzZFYVh4ZE80akU2MwpJd0sraGoxRVppME01OEFZMUdtenhBWTBxZHAwZXdxR3k4MWFMSUpPK1o4akVQY3JNUDZJTjBlbVFGNzlxYzJrCjEwa3JTUmQwSUx1YzRJdU44dDU4YnQvYyt1VnJ5TllLUXRzMWpveUx3TmJXOFpaNjl4ZFlkVkFXK3hvWGdIZEoKSkhJMXdaUVlNQ1ZIcmhVWjUzNkRpK3h6cFN6UkdsUjNicHh0bUhvYitUMzYrMWNUY2p3bWc4TlEwNFk1MzM5ZgpHWnR1bUxpdDJPclZiNFI3RFlhRkhmdjBCdkQyZnhoaHhGaDkvcXZyUkdiSEpSbW9oTWN4S3Nhb2dCZ200OVlTCkljZDFwZ1FQTjRyRGRLQVRPUmw0dWZyRlIvcjhCN3JKcGlOSExWcWlHOCtHVVV3SDRvdEJTOE8xSWRhdXovbWwKMUdTVW54UDdBQTBsZzNoRFFXUEZYdytvTVBZN0FrcEc5WHhRaTdDRldrYlBMOCtyb0ZSUGlVQThUM0srb29DMQpLUlVZZUxBQzI5MmpYVnhRQzhkTjFlNjZMRlJSUjhucWNuOUcwaXlvM1FuRDBtbDFMdXh4Q0lES0p5SWhpSEc3ClRHbDhHNmQ0NFA3dnFkWG9DS1V0MkVOd3p3SURBUUFCbzBJd1FEQU9CZ05WSFE4QkFmOEVCQU1DQWdRd0R3WUQKVlIwVEFRSC9CQVV3QXdFQi96QWRCZ05WSFE0RUZnUVVBZUJtUThnZWhoUVAyemQ3QUhrT2tJazlzZXN3RFFZSgpLb1pJaHZjTkFRRUxCUUFEZ2dHQkFBbE03bmRVb3h3V1RRUUVGL2d6UUdCYVRUejFrTG1FWUNxc01zMjlsVWxFCnNxVUlUMEFOS3R0dHoxUXRqcjRpMTREeHlvTlhiNmZEaGRWMGFPSHdlek9obXNjcU1oRllnemhlRHNnOW5tUkwKa3VxTFJLUHpma0l3ZVIydVdOVS9qeE5kTVpBYkExMEU4S294NlRCNEpPRG5ITWNDN2c3eFc4VThhcnFreFdIOQpPb2xLblRUNi9KRkMySnRvQ1JmellabGNjKzZhSk5wUGR6WkIxTmhoU2ZuT1dxb2hnaC9UNDhhb2lOTFQ2MDE1CnpMS25qc0s2NDZJZlhGd09wWWlyd1pTeXd0cUViNU9ZMms2VlBSc0RkOUI4WEZJeEJvb2hLVFA2YVZ0Q0IvM0wKRzY3cERmeUNEMk5LOG0yTHFxQ2o4ZjlENGRZbnl1SkxOSk5DNTZvK1hwWFJmb1pSQkh2Z0xydUV0S3BwN0lhdQpQejB5K09YZE5HUU5sK3dSbzZmcDcxZDhYOXVTaWJlQm1VOVRJaUFuVG5iczBnOWs4WXFGUHY3WEpVTHMyQjhwCitpM1NYc3FCVzUwTTAybHA3aWgvV09abjNQSFBDWkxscWNKL2t0WGY4b3BpWjNPb1NHdTM5Zno4Kzl2QXVyNTMKdndYeXFFWFUwZkxIZnlmamNzYlNsdz09Ci0tLS0tRU5EIENFUlRJRklDQVRFLS0tLS0K",
                "password": "",
                "username": ""
              }
            ],
            "master_authorized_networks_config": [],
            "master_version": "1.22.8-gke.202",
            "min_master_version": null,
            "monitoring_service": "monitoring.googleapis.com/kubernetes",
            "name": "tcc-fairdp-ufrj-gke",
            "network": "projects/tcc-fairdp-ufrj/global/networks/tcc-fairdp-ufrj-vpc",
            "network_policy": [
              {
                "enabled": false,
                "provider": "PROVIDER_UNSPECIFIED"
              }
            ],
            "node_config": [
              {
                "disk_size_gb": 10,
                "disk_type": "pd-standard",
                "guest_accelerator": [],
                "image_type": "COS_CONTAINERD",
                "labels": {
                  "env": "tcc-fairdp-ufrj"
                },
                "local_ssd_count": 0,
                "machine_type": "n1-standard-1",
                "metadata": {
                  "disable-legacy-endpoints": "true"
                },
                "min_cpu_platform": "",
                "oauth_scopes": [
                  "https://www.googleapis.com/auth/logging.write",
                  "https://www.googleapis.com/auth/monitoring"
                ],
                "preemptible": false,
                "service_account": "default",
                "shielded_instance_config": [
                  {
                    "enable_integrity_monitoring": true,
                    "enable_secure_boot": false
                  }
                ],
                "tags": [],
                "taint": [],
                "workload_metadata_config": []
              }
            ],
            "node_locations": [],
            "node_pool": [
              {
                "autoscaling": [
                  {
                    "max_node_count": 1,
                    "min_node_count": 1
                  }
                ],
                "initial_node_count": 1,
                "instance_group_urls": [
                  "https://www.googleapis.com/compute/v1/projects/tcc-fairdp-ufrj/zones/us-central1-a/instanceGroupManagers/gke-tcc-fairdp-ufrj-gke-data-pool-76873e06-grp"
                ],
                "management": [
                  {
                    "auto_repair": true,
                    "auto_upgrade": true
                  }
                ],
                "max_pods_per_node": 110,
                "name": "data-pool",
                "name_prefix": "",
                "node_config": [
                  {
                    "disk_size_gb": 10,
                    "disk_type": "pd-standard",
                    "guest_accelerator": [],
                    "image_type": "COS_CONTAINERD",
                    "labels": {
                      "env": "tcc-fairdp-ufrj"
                    },
                    "local_ssd_count": 0,
                    "machine_type": "n1-standard-1",
                    "metadata": {
                      "disable-legacy-endpoints": "true"
                    },
                    "min_cpu_platform": "",
                    "oauth_scopes": [
                      "https://www.googleapis.com/auth/logging.write",
                      "https://www.googleapis.com/auth/monitoring"
                    ],
                    "preemptible": false,
                    "service_account": "default",
                    "shielded_instance_config": [
                      {
                        "enable_integrity_monitoring": true,
                        "enable_secure_boot": false
                      }
                    ],
                    "tags": [],
                    "taint": [],
                    "workload_metadata_config": []
                  }
                ],
                "node_count": 1,
                "node_locations": [
                  "us-central1-a"
                ],
                "upgrade_settings": [
                  {
                    "max_surge": 1,
                    "max_unavailable": 0
                  }
                ],
                "version": "1.22.8-gke.202"
              },
              {
                "autoscaling": [
                  {
                    "max_node_count": 3,
                    "min_node_count": 1
                  }
                ],
                "initial_node_count": 1,
                "instance_group_urls": [
                  "https://www.googleapis.com/compute/v1/projects/tcc-fairdp-ufrj/zones/us-central1-a/instanceGroupManagers/gke-tcc-fairdp-ufrj-gke-app-pool-776e5a02-grp"
                ],
                "management": [
                  {
                    "auto_repair": true,
                    "auto_upgrade": true
                  }
                ],
                "max_pods_per_node": 110,
                "name": "app-pool",
                "name_prefix": "",
                "node_config": [
                  {
                    "disk_size_gb": 100,
                    "disk_type": "pd-standard",
                    "guest_accelerator": [],
                    "image_type": "COS_CONTAINERD",
                    "labels": {
                      "env": "tcc-fairdp-ufrj"
                    },
                    "local_ssd_count": 0,
                    "machine_type": "n1-standard-1",
                    "metadata": {
                      "disable-legacy-endpoints": "true"
                    },
                    "min_cpu_platform": "",
                    "oauth_scopes": [
                      "https://www.googleapis.com/auth/logging.write",
                      "https://www.googleapis.com/auth/monitoring"
                    ],
                    "preemptible": false,
                    "service_account": "default",
                    "shielded_instance_config": [
                      {
                        "enable_integrity_monitoring": true,
                        "enable_secure_boot": false
                      }
                    ],
                    "tags": [
                      "gke-node",
                      "tcc-fairdp-ufrj-gke"
                    ],
                    "taint": [],
                    "workload_metadata_config": []
                  }
                ],
                "node_count": 1,
                "node_locations": [
                  "us-central1-a"
                ],
                "upgrade_settings": [
                  {
                    "max_surge": 1,
                    "max_unavailable": 0
                  }
                ],
                "version": "1.22.8-gke.202"
              }
            ],
            "node_version": "1.22.8-gke.202",
            "operation": null,
            "pod_security_policy_config": [],
            "private_cluster_config": [],
            "project": "tcc-fairdp-ufrj",
            "release_channel": [
              {
                "channel": "REGULAR"
              }
            ],
            "remove_default_node_pool": true,
            "resource_labels": {},
            "resource_usage_export_config": [],
            "self_link": "https://container.googleapis.com/v1beta1/projects/tcc-fairdp-ufrj/zones/us-central1-a/clusters/tcc-fairdp-ufrj-gke",
            "services_ipv4_cidr": "10.128.0.0/20",
            "subnetwork": "projects/tcc-fairdp-ufrj/regions/us-central1/subnetworks/tcc-fairdp-ufrj-subnet",
            "timeouts": null,
            "vertical_pod_autoscaling": [
              {
                "enabled": true
              }
            ],
            "workload_identity_config": []
          },
          "sensitive_attributes": [],
          "private": "eyJlMmJmYjczMC1lY2FhLTExZTYtOGY4OC0zNDM2M2JjN2M0YzAiOnsiY3JlYXRlIjoyNDAwMDAwMDAwMDAwLCJkZWxldGUiOjI0MDAwMDAwMDAwMDAsInJlYWQiOjI0MDAwMDAwMDAwMDAsInVwZGF0ZSI6MzYwMDAwMDAwMDAwMH0sInNjaGVtYV92ZXJzaW9uIjoiMSJ9",
          "dependencies": [
            "google_compute_network.vpc",
            "google_compute_subnetwork.subnet"
          ]
        }
      ]
    },
    {
      "mode": "managed",
      "type": "google_container_node_pool",
      "name": "app-pool",
      "provider": "provider[\"registry.terraform.io/hashicorp/google\"]",
      "instances": [
        {
          "schema_version": 1,
          "attributes": {
            "autoscaling": [
              {
                "max_node_count": 3,
                "min_node_count": 1
              }
            ],
            "cluster": "tcc-fairdp-ufrj-gke",
            "id": "projects/tcc-fairdp-ufrj/locations/us-central1-a/clusters/tcc-fairdp-ufrj-gke/nodePools/app-pool",
            "initial_node_count": 1,
            "instance_group_urls": [
              "https://www.googleapis.com/compute/v1/projects/tcc-fairdp-ufrj/zones/us-central1-a/instanceGroupManagers/gke-tcc-fairdp-ufrj-gke-app-pool-1a003843-grp"
            ],
            "location": "us-central1-a",
            "management": [
              {
                "auto_repair": true,
                "auto_upgrade": true
              }
            ],
            "max_pods_per_node": 110,
            "name": "app-pool",
            "name_prefix": "",
            "node_config": [
              {
                "disk_size_gb": 10,
                "disk_type": "pd-standard",
                "guest_accelerator": [],
                "image_type": "COS_CONTAINERD",
                "labels": {
                  "env": "tcc-fairdp-ufrj"
                },
                "local_ssd_count": 0,
                "machine_type": "n1-standard-1",
                "metadata": {
                  "disable-legacy-endpoints": "true"
                },
                "min_cpu_platform": "",
                "oauth_scopes": [
                  "https://www.googleapis.com/auth/logging.write",
                  "https://www.googleapis.com/auth/monitoring"
                ],
                "preemptible": false,
                "service_account": "default",
                "shielded_instance_config": [
                  {
                    "enable_integrity_monitoring": true,
                    "enable_secure_boot": false
                  }
                ],
                "tags": [
                  "gke-node",
                  "tcc-fairdp-ufrj-gke"
                ],
                "taint": [],
                "workload_metadata_config": []
              }
            ],
            "node_count": 1,
            "node_locations": [
              "us-central1-a"
            ],
            "project": "tcc-fairdp-ufrj",
            "timeouts": null,
            "upgrade_settings": [
              {
                "max_surge": 1,
                "max_unavailable": 0
              }
            ],
            "version": "1.22.8-gke.202"
          },
          "sensitive_attributes": [],
          "private": "eyJlMmJmYjczMC1lY2FhLTExZTYtOGY4OC0zNDM2M2JjN2M0YzAiOnsiY3JlYXRlIjoxODAwMDAwMDAwMDAwLCJkZWxldGUiOjE4MDAwMDAwMDAwMDAsInVwZGF0ZSI6MTgwMDAwMDAwMDAwMH0sInNjaGVtYV92ZXJzaW9uIjoiMSJ9",
          "dependencies": [
            "google_container_cluster.primary"
          ]
        }
      ]
    },
    {
      "mode": "managed",
      "type": "google_container_node_pool",
      "name": "data-pool",
      "provider": "provider[\"registry.terraform.io/hashicorp/google\"]",
      "instances": [
        {
          "schema_version": 1,
          "attributes": {
            "autoscaling": [
              {
                "max_node_count": 1,
                "min_node_count": 1
              }
            ],
            "cluster": "tcc-fairdp-ufrj-gke",
            "id": "projects/tcc-fairdp-ufrj/locations/us-central1-a/clusters/tcc-fairdp-ufrj-gke/nodePools/data-pool",
            "initial_node_count": 1,
            "instance_group_urls": [
              "https://www.googleapis.com/compute/v1/projects/tcc-fairdp-ufrj/zones/us-central1-a/instanceGroupManagers/gke-tcc-fairdp-ufrj-gke-data-pool-76873e06-grp"
            ],
            "location": "us-central1-a",
            "management": [
              {
                "auto_repair": true,
                "auto_upgrade": true
              }
            ],
            "max_pods_per_node": 110,
            "name": "data-pool",
            "name_prefix": "",
            "node_config": [
              {
                "disk_size_gb": 10,
                "disk_type": "pd-standard",
                "guest_accelerator": [],
                "image_type": "COS_CONTAINERD",
                "labels": {
                  "env": "tcc-fairdp-ufrj"
                },
                "local_ssd_count": 0,
                "machine_type": "n1-standard-1",
                "metadata": {
                  "disable-legacy-endpoints": "true"
                },
                "min_cpu_platform": "",
                "oauth_scopes": [
                  "https://www.googleapis.com/auth/logging.write",
                  "https://www.googleapis.com/auth/monitoring"
                ],
                "preemptible": false,
                "service_account": "default",
                "shielded_instance_config": [
                  {
                    "enable_integrity_monitoring": true,
                    "enable_secure_boot": false
                  }
                ],
                "tags": [],
                "taint": [],
                "workload_metadata_config": []
              }
            ],
            "node_count": 1,
            "node_locations": [
              "us-central1-a"
            ],
            "project": "tcc-fairdp-ufrj",
            "timeouts": null,
            "upgrade_settings": [
              {
                "max_surge": 1,
                "max_unavailable": 0
              }
            ],
            "version": "1.22.8-gke.202"
          },
          "sensitive_attributes": [],
          "private": "eyJlMmJmYjczMC1lY2FhLTExZTYtOGY4OC0zNDM2M2JjN2M0YzAiOnsiY3JlYXRlIjoxODAwMDAwMDAwMDAwLCJkZWxldGUiOjE4MDAwMDAwMDAwMDAsInVwZGF0ZSI6MTgwMDAwMDAwMDAwMH0sInNjaGVtYV92ZXJzaW9uIjoiMSJ9",
          "dependencies": [
            "google_compute_network.vpc",
            "google_compute_subnetwork.subnet",
            "google_container_cluster.primary"
          ]
        }
      ]
    }
  ]
}
