{
  "version": 4,
  "terraform_version": "1.0.3",
  "serial": 92,
  "lineage": "804b9c4f-a5ab-89d0-7b10-3ab273c982e4",
  "outputs": {
    "kubernetes_cluster_host": {
      "value": "34.70.51.133",
      "type": "string"
    },
    "kubernetes_cluster_name": {
      "value": "crack-battery-327504-gke",
      "type": "string"
    },
    "project_id": {
      "value": "crack-battery-327504",
      "type": "string"
    },
    "region": {
      "value": "us-central1",
      "type": "string"
    },
    "zone": {
      "value": "us-central1-a",
      "type": "string"
    }
  },
  "resources": [
    {
      "mode": "managed",
      "type": "google_compute_network",
      "name": "vpc",
      "provider": "provider[\"registry.terraform.io/hashicorp/google\"]",
      "instances": [
        {
          "schema_version": 0,
          "attributes": {
            "auto_create_subnetworks": false,
            "delete_default_routes_on_create": false,
            "description": "",
            "gateway_ipv4": "",
            "id": "projects/crack-battery-327504/global/networks/crack-battery-327504-vpc",
            "mtu": 0,
            "name": "crack-battery-327504-vpc",
            "project": "crack-battery-327504",
            "routing_mode": "REGIONAL",
            "self_link": "https://www.googleapis.com/compute/v1/projects/crack-battery-327504/global/networks/crack-battery-327504-vpc",
            "timeouts": null
          },
          "sensitive_attributes": [],
          "private": "eyJlMmJmYjczMC1lY2FhLTExZTYtOGY4OC0zNDM2M2JjN2M0YzAiOnsiY3JlYXRlIjoyNDAwMDAwMDAwMDAsImRlbGV0ZSI6MjQwMDAwMDAwMDAwLCJ1cGRhdGUiOjI0MDAwMDAwMDAwMH19"
        }
      ]
    },
    {
      "mode": "managed",
      "type": "google_compute_subnetwork",
      "name": "subnet",
      "provider": "provider[\"registry.terraform.io/hashicorp/google\"]",
      "instances": [
        {
          "schema_version": 0,
          "attributes": {
            "creation_timestamp": "2021-10-12T22:58:35.345-07:00",
            "description": "",
            "fingerprint": null,
            "gateway_address": "10.10.0.1",
            "id": "projects/crack-battery-327504/regions/us-central1/subnetworks/crack-battery-327504-subnet",
            "ip_cidr_range": "10.10.0.0/24",
            "log_config": [],
            "name": "crack-battery-327504-subnet",
            "network": "https://www.googleapis.com/compute/v1/projects/crack-battery-327504/global/networks/crack-battery-327504-vpc",
            "private_ip_google_access": false,
            "private_ipv6_google_access": "DISABLE_GOOGLE_ACCESS",
            "project": "crack-battery-327504",
            "region": "us-central1",
            "secondary_ip_range": [
              {
                "ip_cidr_range": "10.48.0.0/14",
                "range_name": "gke-crack-battery-327504-gke-pods-7416683f"
              },
              {
                "ip_cidr_range": "10.52.0.0/20",
                "range_name": "gke-crack-battery-327504-gke-services-7416683f"
              }
            ],
            "self_link": "https://www.googleapis.com/compute/v1/projects/crack-battery-327504/regions/us-central1/subnetworks/crack-battery-327504-subnet",
            "timeouts": null
          },
          "sensitive_attributes": [],
          "private": "eyJlMmJmYjczMC1lY2FhLTExZTYtOGY4OC0zNDM2M2JjN2M0YzAiOnsiY3JlYXRlIjozNjAwMDAwMDAwMDAsImRlbGV0ZSI6MzYwMDAwMDAwMDAwLCJ1cGRhdGUiOjM2MDAwMDAwMDAwMH19",
          "dependencies": [
            "google_compute_network.vpc"
          ]
        }
      ]
    },
    {
      "mode": "managed",
      "type": "google_container_cluster",
      "name": "primary",
      "provider": "provider[\"registry.terraform.io/hashicorp/google\"]",
      "instances": [
        {
          "schema_version": 1,
          "attributes": {
            "addons_config": [
              {
                "cloudrun_config": [],
                "horizontal_pod_autoscaling": [],
                "http_load_balancing": [],
                "network_policy_config": [
                  {
                    "disabled": true
                  }
                ]
              }
            ],
            "authenticator_groups_config": [],
            "cluster_autoscaling": [
              {
                "auto_provisioning_defaults": [
                  {
                    "oauth_scopes": [
                      "https://www.googleapis.com/auth/logging.write",
                      "https://www.googleapis.com/auth/monitoring"
                    ],
                    "service_account": "default"
                  }
                ],
                "enabled": true,
                "resource_limits": [
                  {
                    "maximum": 10,
                    "minimum": 0,
                    "resource_type": "cpu"
                  },
                  {
                    "maximum": 50,
                    "minimum": 0,
                    "resource_type": "memory"
                  }
                ]
              }
            ],
            "cluster_ipv4_cidr": "10.48.0.0/14",
            "database_encryption": [
              {
                "key_name": "",
                "state": "DECRYPTED"
              }
            ],
            "default_max_pods_per_node": 110,
            "description": "",
            "enable_binary_authorization": false,
            "enable_intranode_visibility": null,
            "enable_kubernetes_alpha": false,
            "enable_legacy_abac": false,
            "enable_shielded_nodes": false,
            "enable_tpu": null,
            "endpoint": "34.70.51.133",
            "id": "projects/crack-battery-327504/locations/us-central1-a/clusters/crack-battery-327504-gke",
            "initial_node_count": 1,
            "instance_group_urls": [
              "https://www.googleapis.com/compute/v1/projects/crack-battery-327504/zones/us-central1-a/instanceGroups/gke-crack-battery-327504-gke-app-pool-7ecf909a-grp",
              "https://www.googleapis.com/compute/v1/projects/crack-battery-327504/zones/us-central1-a/instanceGroups/gke-crack-battery-327504-gk-data-pool-7a443fcd-grp"
            ],
            "ip_allocation_policy": [
              {
                "cluster_ipv4_cidr_block": "10.48.0.0/14",
                "cluster_secondary_range_name": "gke-crack-battery-327504-gke-pods-7416683f",
                "services_ipv4_cidr_block": "10.52.0.0/20",
                "services_secondary_range_name": "gke-crack-battery-327504-gke-services-7416683f"
              }
            ],
            "label_fingerprint": "a9dc16a7",
            "location": "us-central1-a",
            "logging_service": "logging.googleapis.com/kubernetes",
            "maintenance_policy": [],
            "master_auth": [
              {
                "client_certificate": "",
                "client_certificate_config": [
                  {
                    "issue_client_certificate": false
                  }
                ],
                "client_key": "",
                "cluster_ca_certificate": "LS0tLS1CRUdJTiBDRVJUSUZJQ0FURS0tLS0tCk1JSUVMVENDQXBXZ0F3SUJBZ0lSQUloWW5XSUE2eGdDdjVpTUZRZ3IzYTR3RFFZSktvWklodmNOQVFFTEJRQXcKTHpFdE1Dc0dBMVVFQXhNa1lXTmxOV1E1T1RNdE1tRTJPQzAwWmpVeUxUa3pNVGN0WWpjd05qaGxPREZrTURKaQpNQ0FYRFRJeE1USXlNakF6TlRFd09Gb1lEekl3TlRFeE1qRTFNRFExTVRBNFdqQXZNUzB3S3dZRFZRUURFeVJoClkyVTFaRGs1TXkweVlUWTRMVFJtTlRJdE9UTXhOeTFpTnpBMk9HVTRNV1F3TW1Jd2dnR2lNQTBHQ1NxR1NJYjMKRFFFQkFRVUFBNElCandBd2dnR0tBb0lCZ1FEZnNpb2hlM3FtQXREV251b09lQXNjT1lyRGV6NjkzNk95bkl6egpYZ2JJaE0zakZDbEVWRnZMcEdHWnRYOUJMWVZmbjYrREs0Tm5leXpGaTRld25Ga3J4N20vdVUyMC96VjRKZnVCCnlwTFNObnRBZEdrTVo4TFJ3RTFPbGgwYUlTaU9yRjcxSUNYVHpmdGZkKzJFM3pqaGJKRFhlcmxWV1ozWm5FcHcKYnJ5QjVaaEN5RTBycXFNVkpsczJrU0ZDTEI3cFBoNjV0N3dyVWdpMUMwbFpxcXl3ZGpRNHgzZ0JINm5nSVkyTgo5bEppS1RVZUlWTitxL01ucUZ2bUxYTjQ1MjhuWjJCNlhCd0VzWFdnTnpFRHhDWE1JUFRWeUVnTm5PL241N0FFCnh0eC8yZE1OS1JBYzN4MXVDSU5rcnZrRkVPQVdkVjlKQlpNa1RqWTZxajBNbmtmbFpLcUZRd0NvQjNOc0Q0NTcKZW03VjFXcnZXa2tVTnBtM21hNkJBUGR6SUpKdEcxbHZONjFVUWFGM0RlallGYnhQWDd0VEY1Q0FUcFJxT083cgoxN2dGQ0tBK1c0bWt0NnU5MkF2WUswQkpXR0NLZ3g3SlY0QndEZVc0ejRhdDBJanR1aEpVWGNseFhGWC9JczdJCk44MU81bUxhOFZuVTd4T253dTVuMnEwWjd4Y0NBd0VBQWFOQ01FQXdEZ1lEVlIwUEFRSC9CQVFEQWdJRU1BOEcKQTFVZEV3RUIvd1FGTUFNQkFmOHdIUVlEVlIwT0JCWUVGSmRWMGR4VHNhSlJMVjI4eXhTanJ1eEFmWkU0TUEwRwpDU3FHU0liM0RRRUJDd1VBQTRJQmdRQUhyaUFjU3FrVldUR2FYSjhOalB6Sk1kNDFUS1FCdzNJR1g2WFpWTUkrClByT1hMRmVyMk5UWmR4Yjg0czZ6ZGR1Ris1Wm5mT2YyN2J3SHVUZGM3TVZIMVRuQjdsOGVMblJZSkxXS3M2aGwKcEwxUWtzTk9HejZXZjIrSXdRUkdJTnhnYmFUL0xPZmpVbmJnbG5qZUFBMHF0ME1lMGFiL28xajJLaEZ5OVo3YQp2NEFjMS9uN3d4ZnN3dVBCVy9KMFN6Uk9GUEFHdjIxTkNXcnFUMVN2WVZRb2lVQTZMR3Q2MlVBQ3NQN2xlZFRkCkV6dXJxZGljRmxYSVAyMFNJLzZPTVBmTFpNeEJNQlJwR2szOCtjY0x5ellvVzYzeXY3Y2xTQldPcGNLaVd5YnEKU25ranhYU2ZEYWVFWDNzb1piNWpPZ1hBUWdGd2xDVXIxUG5hUkRka0h2cFJsTXBsSjV5NmxSNnFHaFFGOGR2cgo1N2x6S0t6Q2x4b2M1d2NlYjYyb2hQbnBGUzR2QTJ4eXNlaS9TT1kxUTlVSWxFY3FvU2hGWVhQOWwvb2plODVwClFTNHNQL3kxTGV4dlltaXdkUm9vZFFMckVackRZR05yakc5RWNwazVMdTRDTi9sY0ZNWDdjb3I0cDdIc2p1SjAKdE0vTXh0S1JBV3VwZnRVQUw0TWZwbjA9Ci0tLS0tRU5EIENFUlRJRklDQVRFLS0tLS0K",
                "password": "",
                "username": ""
              }
            ],
            "master_authorized_networks_config": [],
            "master_version": "1.21.5-gke.1302",
            "min_master_version": null,
            "monitoring_service": "monitoring.googleapis.com/kubernetes",
            "name": "crack-battery-327504-gke",
            "network": "projects/crack-battery-327504/global/networks/crack-battery-327504-vpc",
            "network_policy": [
              {
                "enabled": false,
                "provider": "PROVIDER_UNSPECIFIED"
              }
            ],
            "node_config": [
              {
                "disk_size_gb": 100,
                "disk_type": "pd-standard",
                "guest_accelerator": [],
                "image_type": "COS_CONTAINERD",
                "labels": {
                  "env": "crack-battery-327504"
                },
                "local_ssd_count": 0,
                "machine_type": "n1-standard-1",
                "metadata": {
                  "disable-legacy-endpoints": "true"
                },
                "min_cpu_platform": "",
                "oauth_scopes": [
                  "https://www.googleapis.com/auth/logging.write",
                  "https://www.googleapis.com/auth/monitoring"
                ],
                "preemptible": false,
                "service_account": "default",
                "shielded_instance_config": [
                  {
                    "enable_integrity_monitoring": true,
                    "enable_secure_boot": false
                  }
                ],
                "tags": [
                  "gke-node",
                  "crack-battery-327504-gke"
                ],
                "taint": [],
                "workload_metadata_config": []
              }
            ],
            "node_locations": [],
            "node_pool": [
              {
                "autoscaling": [
                  {
                    "max_node_count": 3,
                    "min_node_count": 1
                  }
                ],
                "initial_node_count": 1,
                "instance_group_urls": [
                  "https://www.googleapis.com/compute/v1/projects/crack-battery-327504/zones/us-central1-a/instanceGroupManagers/gke-crack-battery-327504-gke-app-pool-7ecf909a-grp"
                ],
                "management": [
                  {
                    "auto_repair": true,
                    "auto_upgrade": true
                  }
                ],
                "max_pods_per_node": 110,
                "name": "app-pool",
                "name_prefix": "",
                "node_config": [
                  {
                    "disk_size_gb": 100,
                    "disk_type": "pd-standard",
                    "guest_accelerator": [],
                    "image_type": "COS_CONTAINERD",
                    "labels": {
                      "env": "crack-battery-327504"
                    },
                    "local_ssd_count": 0,
                    "machine_type": "n1-standard-1",
                    "metadata": {
                      "disable-legacy-endpoints": "true"
                    },
                    "min_cpu_platform": "",
                    "oauth_scopes": [
                      "https://www.googleapis.com/auth/logging.write",
                      "https://www.googleapis.com/auth/monitoring"
                    ],
                    "preemptible": false,
                    "service_account": "default",
                    "shielded_instance_config": [
                      {
                        "enable_integrity_monitoring": true,
                        "enable_secure_boot": false
                      }
                    ],
                    "tags": [
                      "gke-node",
                      "crack-battery-327504-gke"
                    ],
                    "taint": [],
                    "workload_metadata_config": []
                  }
                ],
                "node_count": 1,
                "node_locations": [
                  "us-central1-a"
                ],
                "upgrade_settings": [
                  {
                    "max_surge": 1,
                    "max_unavailable": 0
                  }
                ],
                "version": "1.21.5-gke.1302"
              },
              {
                "autoscaling": [
                  {
                    "max_node_count": 2,
                    "min_node_count": 2
                  }
                ],
                "initial_node_count": 1,
                "instance_group_urls": [
                  "https://www.googleapis.com/compute/v1/projects/crack-battery-327504/zones/us-central1-a/instanceGroupManagers/gke-crack-battery-327504-gk-data-pool-7a443fcd-grp"
                ],
                "management": [
                  {
                    "auto_repair": true,
                    "auto_upgrade": true
                  }
                ],
                "max_pods_per_node": 110,
                "name": "data-pool",
                "name_prefix": "",
                "node_config": [
                  {
                    "disk_size_gb": 100,
                    "disk_type": "pd-standard",
                    "guest_accelerator": [],
                    "image_type": "COS_CONTAINERD",
                    "labels": {
                      "env": "crack-battery-327504"
                    },
                    "local_ssd_count": 0,
                    "machine_type": "n1-standard-1",
                    "metadata": {
                      "disable-legacy-endpoints": "true"
                    },
                    "min_cpu_platform": "",
                    "oauth_scopes": [
                      "https://www.googleapis.com/auth/logging.write",
                      "https://www.googleapis.com/auth/monitoring"
                    ],
                    "preemptible": false,
                    "service_account": "default",
                    "shielded_instance_config": [
                      {
                        "enable_integrity_monitoring": true,
                        "enable_secure_boot": false
                      }
                    ],
                    "tags": [
                      "gke-node",
                      "crack-battery-327504-gke"
                    ],
                    "taint": [],
                    "workload_metadata_config": []
                  }
                ],
                "node_count": 1,
                "node_locations": [
                  "us-central1-a"
                ],
                "upgrade_settings": [
                  {
                    "max_surge": 1,
                    "max_unavailable": 0
                  }
                ],
                "version": "1.21.5-gke.1302"
              }
            ],
            "node_version": "1.21.5-gke.1302",
            "operation": null,
            "pod_security_policy_config": [],
            "private_cluster_config": [],
            "project": "crack-battery-327504",
            "release_channel": [
              {
                "channel": "REGULAR"
              }
            ],
            "remove_default_node_pool": true,
            "resource_labels": {},
            "resource_usage_export_config": [],
            "self_link": "https://container.googleapis.com/v1beta1/projects/crack-battery-327504/zones/us-central1-a/clusters/crack-battery-327504-gke",
            "services_ipv4_cidr": "10.52.0.0/20",
            "subnetwork": "projects/crack-battery-327504/regions/us-central1/subnetworks/crack-battery-327504-subnet",
            "timeouts": null,
            "vertical_pod_autoscaling": [
              {
                "enabled": true
              }
            ],
            "workload_identity_config": []
          },
          "sensitive_attributes": [],
          "private": "eyJlMmJmYjczMC1lY2FhLTExZTYtOGY4OC0zNDM2M2JjN2M0YzAiOnsiY3JlYXRlIjoyNDAwMDAwMDAwMDAwLCJkZWxldGUiOjI0MDAwMDAwMDAwMDAsInJlYWQiOjI0MDAwMDAwMDAwMDAsInVwZGF0ZSI6MzYwMDAwMDAwMDAwMH0sInNjaGVtYV92ZXJzaW9uIjoiMSJ9",
          "dependencies": [
            "google_compute_network.vpc",
            "google_compute_subnetwork.subnet"
          ]
        }
      ]
    },
    {
      "mode": "managed",
      "type": "google_container_node_pool",
      "name": "app-pool",
      "provider": "provider[\"registry.terraform.io/hashicorp/google\"]",
      "instances": [
        {
          "schema_version": 1,
          "attributes": {
            "autoscaling": [
              {
                "max_node_count": 3,
                "min_node_count": 1
              }
            ],
            "cluster": "crack-battery-327504-gke",
            "id": "projects/crack-battery-327504/locations/us-central1-a/clusters/crack-battery-327504-gke/nodePools/app-pool",
            "initial_node_count": 1,
            "instance_group_urls": [
              "https://www.googleapis.com/compute/v1/projects/crack-battery-327504/zones/us-central1-a/instanceGroupManagers/gke-crack-battery-327504-gke-app-pool-7ecf909a-grp"
            ],
            "location": "us-central1-a",
            "management": [
              {
                "auto_repair": true,
                "auto_upgrade": true
              }
            ],
            "max_pods_per_node": 110,
            "name": "app-pool",
            "name_prefix": "",
            "node_config": [
              {
                "disk_size_gb": 100,
                "disk_type": "pd-standard",
                "guest_accelerator": [],
                "image_type": "COS_CONTAINERD",
                "labels": {
                  "env": "crack-battery-327504"
                },
                "local_ssd_count": 0,
                "machine_type": "n1-standard-1",
                "metadata": {
                  "disable-legacy-endpoints": "true"
                },
                "min_cpu_platform": "",
                "oauth_scopes": [
                  "https://www.googleapis.com/auth/logging.write",
                  "https://www.googleapis.com/auth/monitoring"
                ],
                "preemptible": false,
                "service_account": "default",
                "shielded_instance_config": [
                  {
                    "enable_integrity_monitoring": true,
                    "enable_secure_boot": false
                  }
                ],
                "tags": [
                  "gke-node",
                  "crack-battery-327504-gke"
                ],
                "taint": [],
                "workload_metadata_config": []
              }
            ],
            "node_count": 1,
            "node_locations": [
              "us-central1-a"
            ],
            "project": "crack-battery-327504",
            "timeouts": null,
            "upgrade_settings": [
              {
                "max_surge": 1,
                "max_unavailable": 0
              }
            ],
            "version": "1.21.5-gke.1302"
          },
          "sensitive_attributes": [],
          "private": "eyJlMmJmYjczMC1lY2FhLTExZTYtOGY4OC0zNDM2M2JjN2M0YzAiOnsiY3JlYXRlIjoxODAwMDAwMDAwMDAwLCJkZWxldGUiOjE4MDAwMDAwMDAwMDAsInVwZGF0ZSI6MTgwMDAwMDAwMDAwMH0sInNjaGVtYV92ZXJzaW9uIjoiMSJ9",
          "dependencies": [
            "google_compute_subnetwork.subnet",
            "google_container_cluster.primary",
            "google_compute_network.vpc"
          ]
        }
      ]
    },
    {
      "mode": "managed",
      "type": "google_container_node_pool",
      "name": "data-pool",
      "provider": "provider[\"registry.terraform.io/hashicorp/google\"]",
      "instances": [
        {
          "schema_version": 1,
          "attributes": {
            "autoscaling": [
              {
                "max_node_count": 2,
                "min_node_count": 2
              }
            ],
            "cluster": "crack-battery-327504-gke",
            "id": "projects/crack-battery-327504/locations/us-central1-a/clusters/crack-battery-327504-gke/nodePools/data-pool",
            "initial_node_count": 2,
            "instance_group_urls": [
              "https://www.googleapis.com/compute/v1/projects/crack-battery-327504/zones/us-central1-a/instanceGroupManagers/gke-crack-battery-327504-gk-data-pool-7a443fcd-grp"
            ],
            "location": "us-central1-a",
            "management": [
              {
                "auto_repair": true,
                "auto_upgrade": true
              }
            ],
            "max_pods_per_node": 110,
            "name": "data-pool",
            "name_prefix": "",
            "node_config": [
              {
                "disk_size_gb": 100,
                "disk_type": "pd-standard",
                "guest_accelerator": [],
                "image_type": "COS_CONTAINERD",
                "labels": {
                  "env": "crack-battery-327504"
                },
                "local_ssd_count": 0,
                "machine_type": "n1-standard-1",
                "metadata": {
                  "disable-legacy-endpoints": "true"
                },
                "min_cpu_platform": "",
                "oauth_scopes": [
                  "https://www.googleapis.com/auth/logging.write",
                  "https://www.googleapis.com/auth/monitoring"
                ],
                "preemptible": false,
                "service_account": "default",
                "shielded_instance_config": [
                  {
                    "enable_integrity_monitoring": true,
                    "enable_secure_boot": false
                  }
                ],
                "tags": [
                  "gke-node",
                  "crack-battery-327504-gke"
                ],
                "taint": [],
                "workload_metadata_config": []
              }
            ],
            "node_count": 2,
            "node_locations": [
              "us-central1-a"
            ],
            "project": "crack-battery-327504",
            "timeouts": null,
            "upgrade_settings": [
              {
                "max_surge": 1,
                "max_unavailable": 0
              }
            ],
            "version": "1.21.5-gke.1302"
          },
          "sensitive_attributes": [],
          "private": "eyJlMmJmYjczMC1lY2FhLTExZTYtOGY4OC0zNDM2M2JjN2M0YzAiOnsiY3JlYXRlIjoxODAwMDAwMDAwMDAwLCJkZWxldGUiOjE4MDAwMDAwMDAwMDAsInVwZGF0ZSI6MTgwMDAwMDAwMDAwMH0sInNjaGVtYV92ZXJzaW9uIjoiMSJ9",
          "dependencies": [
            "google_container_cluster.primary"
          ]
        }
      ]
    }
  ]
}
