{
  "version": 4,
  "terraform_version": "1.0.3",
  "serial": 52,
  "lineage": "804b9c4f-a5ab-89d0-7b10-3ab273c982e4",
  "outputs": {
    "kubernetes_cluster_host": {
      "value": "34.69.142.254",
      "type": "string"
    },
    "kubernetes_cluster_name": {
      "value": "crack-battery-327504-gke",
      "type": "string"
    },
    "project_id": {
      "value": "crack-battery-327504",
      "type": "string"
    },
    "region": {
      "value": "us-central1",
      "type": "string"
    },
    "zone": {
      "value": "us-central1-a",
      "type": "string"
    }
  },
  "resources": [
    {
      "mode": "managed",
      "type": "google_compute_network",
      "name": "vpc",
      "provider": "provider[\"registry.terraform.io/hashicorp/google\"]",
      "instances": [
        {
          "schema_version": 0,
          "attributes": {
            "auto_create_subnetworks": false,
            "delete_default_routes_on_create": false,
            "description": "",
            "gateway_ipv4": "",
            "id": "projects/crack-battery-327504/global/networks/crack-battery-327504-vpc",
            "mtu": 0,
            "name": "crack-battery-327504-vpc",
            "project": "crack-battery-327504",
            "routing_mode": "REGIONAL",
            "self_link": "https://www.googleapis.com/compute/v1/projects/crack-battery-327504/global/networks/crack-battery-327504-vpc",
            "timeouts": null
          },
          "sensitive_attributes": [],
          "private": "eyJlMmJmYjczMC1lY2FhLTExZTYtOGY4OC0zNDM2M2JjN2M0YzAiOnsiY3JlYXRlIjoyNDAwMDAwMDAwMDAsImRlbGV0ZSI6MjQwMDAwMDAwMDAwLCJ1cGRhdGUiOjI0MDAwMDAwMDAwMH19"
        }
      ]
    },
    {
      "mode": "managed",
      "type": "google_compute_subnetwork",
      "name": "subnet",
      "provider": "provider[\"registry.terraform.io/hashicorp/google\"]",
      "instances": [
        {
          "schema_version": 0,
          "attributes": {
            "creation_timestamp": "2021-10-12T22:58:35.345-07:00",
            "description": "",
            "fingerprint": null,
            "gateway_address": "10.10.0.1",
            "id": "projects/crack-battery-327504/regions/us-central1/subnetworks/crack-battery-327504-subnet",
            "ip_cidr_range": "10.10.0.0/24",
            "log_config": [],
            "name": "crack-battery-327504-subnet",
            "network": "https://www.googleapis.com/compute/v1/projects/crack-battery-327504/global/networks/crack-battery-327504-vpc",
            "private_ip_google_access": false,
            "private_ipv6_google_access": "DISABLE_GOOGLE_ACCESS",
            "project": "crack-battery-327504",
            "region": "us-central1",
            "secondary_ip_range": [],
            "self_link": "https://www.googleapis.com/compute/v1/projects/crack-battery-327504/regions/us-central1/subnetworks/crack-battery-327504-subnet",
            "timeouts": null
          },
          "sensitive_attributes": [],
          "private": "eyJlMmJmYjczMC1lY2FhLTExZTYtOGY4OC0zNDM2M2JjN2M0YzAiOnsiY3JlYXRlIjozNjAwMDAwMDAwMDAsImRlbGV0ZSI6MzYwMDAwMDAwMDAwLCJ1cGRhdGUiOjM2MDAwMDAwMDAwMH19",
          "dependencies": [
            "google_compute_network.vpc"
          ]
        }
      ]
    },
    {
      "mode": "managed",
      "type": "google_container_cluster",
      "name": "primary",
      "provider": "provider[\"registry.terraform.io/hashicorp/google\"]",
      "instances": [
        {
          "schema_version": 1,
          "attributes": {
            "addons_config": [
              {
                "cloudrun_config": [],
                "horizontal_pod_autoscaling": [],
                "http_load_balancing": [],
                "network_policy_config": [
                  {
                    "disabled": true
                  }
                ]
              }
            ],
            "authenticator_groups_config": [],
            "cluster_autoscaling": [
              {
                "auto_provisioning_defaults": [],
                "enabled": false,
                "resource_limits": []
              }
            ],
            "cluster_ipv4_cidr": "10.48.0.0/14",
            "database_encryption": [
              {
                "key_name": "",
                "state": "DECRYPTED"
              }
            ],
            "default_max_pods_per_node": null,
            "description": "",
            "enable_binary_authorization": false,
            "enable_intranode_visibility": null,
            "enable_kubernetes_alpha": false,
            "enable_legacy_abac": false,
            "enable_shielded_nodes": false,
            "enable_tpu": null,
            "endpoint": "34.69.142.254",
            "id": "projects/crack-battery-327504/locations/us-central1-a/clusters/crack-battery-327504-gke",
            "initial_node_count": 1,
            "instance_group_urls": [
              "https://www.googleapis.com/compute/v1/projects/crack-battery-327504/zones/us-central1-a/instanceGroups/gke-crack-battery-32-crack-battery-32-52f12d51-grp",
              "https://www.googleapis.com/compute/v1/projects/crack-battery-327504/zones/us-central1-a/instanceGroups/gke-crack-battery-32-crack-battery-32-379cfa19-grp"
            ],
            "ip_allocation_policy": [],
            "label_fingerprint": "a9dc16a7",
            "location": "us-central1-a",
            "logging_service": "logging.googleapis.com/kubernetes",
            "maintenance_policy": [],
            "master_auth": [
              {
                "client_certificate": "",
                "client_certificate_config": [
                  {
                    "issue_client_certificate": false
                  }
                ],
                "client_key": "",
                "cluster_ca_certificate": "LS0tLS1CRUdJTiBDRVJUSUZJQ0FURS0tLS0tCk1JSUVMRENDQXBTZ0F3SUJBZ0lRQmJ1VEF5RmtPR1o1UWxhNTZJVG00ekFOQmdrcWhraUc5dzBCQVFzRkFEQXYKTVMwd0t3WURWUVFERXlSaE1EQmpaREF4TnkwNE1Ea3dMVFF4WXpRdE9EZzVaaTAyTldRNVltWTFOMkk1TUdJdwpJQmNOTWpFeE1ERTNNVFUxTmpRM1doZ1BNakExTVRFd01UQXhOalUyTkRkYU1DOHhMVEFyQmdOVkJBTVRKR0V3Ck1HTmtNREUzTFRnd09UQXROREZqTkMwNE9EbG1MVFkxWkRsaVpqVTNZamt3WWpDQ0FhSXdEUVlKS29aSWh2Y04KQVFFQkJRQURnZ0dQQURDQ0FZb0NnZ0dCQUw3V2VnSHV3K1dsMHBjcnFHcnF5M2k1T2ZQd2lkRnh3b2hNQkNHVQpSYVR1NFBBbE9SNFhlb3J2dHl2cWhzZnRSb1Y1d1NyVGJ6Z1hJRzZ1RnplbG5OTHBOYUYvSDgrSkc2dFp1WDdJCjNkbXdYbXQzdlNhZTdnNlJ5czFPdndRM2xzMURZREpSMzUvayttTjJFK2xWVGRFWGFNVVZXSStiWXA0VFhFaC8KM2tvckVlZ3pnWEVDQStZVWhWVG80bmxBTFZoYW1tZEttb2Z2VWNNN2NOcXhrNmJDdFU1SUZmRjdWaXdyU2V1cwptUUdmOFQ1Q3VBY2tNTVdUMEM0U2lYQzFnV01mYWx2VjVVaHd4OEpkaVBPVDBCb2F0Z3p3NTk5V09ER0ttM1N1CnI2Wlc3OXhzTWNHSVVhRWl3Nkp4dDVPdTlacjRmWUhWYkJFeXB3T1d2bThYeGFzTVB2TzZ0bml3dEp1VUw2cUkKNWZEejZqRmkyRWM1M3kwZWF4aVhMb0R5MkViRUVNSUhKaVJIbnkwdE5QVnQvMVlmeUwrNzJPNDR6K0EweGRQegptOTdNazdRWTRDRjRHcHpTeVpNc25Rc1orWEQwQTdFZk1IMmJKaWxiVndLZFUyYzVldzFyOE9xNUlxSjFDaE9xCmVDOWFaNmdTd3dzNWVjT2ZaTkNPakNYSWdRSURBUUFCbzBJd1FEQU9CZ05WSFE4QkFmOEVCQU1DQWdRd0R3WUQKVlIwVEFRSC9CQVV3QXdFQi96QWRCZ05WSFE0RUZnUVVMM1ZjeFZESmtIUXArb0tGNFJlMXlYaGZTSEV3RFFZSgpLb1pJaHZjTkFRRUxCUUFEZ2dHQkFMSDNzdEg4QmhZWk5BdUEyN1ZrR2tDbEhxT1ExN1ptQURuY2tuODlXWitkCnA0b3VQQU1EV3M2amtNMXFFVzhLRi9BVFEramExL1QyRVd1dVZuTXB1eVN3Q3VhOENrTW9sRi9DWkdFSWlUZkUKTVlZUmVnZFZFVVhqMnVQSm9PampIWGVrZ3lQQzVNdHN1c0MvNUZybEZxU0I3UEdpaFJEVWFmQ0FlOWNBOXIzKwpTa1VONUFzWW9CbFpxS0RON1pxVG9maytRV1VHWU1xUWRYbWcwUGFhNkI5aHl6cGN2VTZqd3RLRW1FSVVseVJsCkFiU1luTXZwT1hFcVpETjdLRkI5WmtxZlY2YjdBdWlObnZlWmVqRDNqZmt6RUo3M2lWTG53TDQ4cTFqMDRqOFYKMEgwLytnU2k3Skw2YkNId25yUEpnbEJZYmthMWpvWXpOVmtET0w2a0xDOVFYWlgxemdsTlIyRmRuTVcrNk83agpUcXpqb201VThHa0tLV0xsRjFIcE5Bd0xmVHNERFpWWXIzMmV2R0xZN3loYzVvVVRIZ2JkRHNoa0psdlJEaDI4CkRLOTBDYUZrT3dvWWI2bm5lZjJscU5zSG9KRGEwd2M0T2VqNzJZd0Q3RSszcHlHYzA0UkwzV2ZxZ3BDVXE5dXAKS1lRd3lEeVFybkQrMUI4ZkxIQk02dz09Ci0tLS0tRU5EIENFUlRJRklDQVRFLS0tLS0K",
                "password": "",
                "username": ""
              }
            ],
            "master_authorized_networks_config": [],
            "master_version": "1.20.10-gke.1600",
            "min_master_version": null,
            "monitoring_service": "monitoring.googleapis.com/kubernetes",
            "name": "crack-battery-327504-gke",
            "network": "projects/crack-battery-327504/global/networks/crack-battery-327504-vpc",
            "network_policy": [
              {
                "enabled": false,
                "provider": "PROVIDER_UNSPECIFIED"
              }
            ],
            "node_config": [
              {
                "disk_size_gb": 100,
                "disk_type": "pd-standard",
                "guest_accelerator": [],
                "image_type": "COS_CONTAINERD",
                "labels": {
                  "env": "crack-battery-327504"
                },
                "local_ssd_count": 0,
                "machine_type": "n1-standard-1",
                "metadata": {
                  "disable-legacy-endpoints": "true"
                },
                "min_cpu_platform": "",
                "oauth_scopes": [
                  "https://www.googleapis.com/auth/logging.write",
                  "https://www.googleapis.com/auth/monitoring"
                ],
                "preemptible": false,
                "service_account": "default",
                "shielded_instance_config": [
                  {
                    "enable_integrity_monitoring": true,
                    "enable_secure_boot": false
                  }
                ],
                "tags": [
                  "gke-node",
                  "crack-battery-327504-gke"
                ],
                "taint": [],
                "workload_metadata_config": []
              }
            ],
            "node_locations": [],
            "node_pool": [
              {
                "autoscaling": [
                  {
                    "max_node_count": 3,
                    "min_node_count": 1
                  }
                ],
                "initial_node_count": 1,
                "instance_group_urls": [
                  "https://www.googleapis.com/compute/v1/projects/crack-battery-327504/zones/us-central1-a/instanceGroupManagers/gke-crack-battery-32-crack-battery-32-52f12d51-grp"
                ],
                "management": [
                  {
                    "auto_repair": true,
                    "auto_upgrade": true
                  }
                ],
                "max_pods_per_node": 0,
                "name": "crack-battery-327504-gke-data-pool",
                "name_prefix": "",
                "node_config": [
                  {
                    "disk_size_gb": 100,
                    "disk_type": "pd-standard",
                    "guest_accelerator": [],
                    "image_type": "COS_CONTAINERD",
                    "labels": {
                      "env": "crack-battery-327504"
                    },
                    "local_ssd_count": 0,
                    "machine_type": "n1-standard-1",
                    "metadata": {
                      "disable-legacy-endpoints": "true"
                    },
                    "min_cpu_platform": "",
                    "oauth_scopes": [
                      "https://www.googleapis.com/auth/logging.write",
                      "https://www.googleapis.com/auth/monitoring"
                    ],
                    "preemptible": false,
                    "service_account": "default",
                    "shielded_instance_config": [
                      {
                        "enable_integrity_monitoring": true,
                        "enable_secure_boot": false
                      }
                    ],
                    "tags": [
                      "gke-node",
                      "crack-battery-327504-gke"
                    ],
                    "taint": [],
                    "workload_metadata_config": []
                  }
                ],
                "node_count": 1,
                "node_locations": [
                  "us-central1-a"
                ],
                "upgrade_settings": [
                  {
                    "max_surge": 1,
                    "max_unavailable": 0
                  }
                ],
                "version": "1.20.10-gke.1600"
              },
              {
                "autoscaling": [
                  {
                    "max_node_count": 3,
                    "min_node_count": 1
                  }
                ],
                "initial_node_count": 1,
                "instance_group_urls": [
                  "https://www.googleapis.com/compute/v1/projects/crack-battery-327504/zones/us-central1-a/instanceGroupManagers/gke-crack-battery-32-crack-battery-32-379cfa19-grp"
                ],
                "management": [
                  {
                    "auto_repair": true,
                    "auto_upgrade": true
                  }
                ],
                "max_pods_per_node": 0,
                "name": "crack-battery-327504-gke-app-pool",
                "name_prefix": "",
                "node_config": [
                  {
                    "disk_size_gb": 100,
                    "disk_type": "pd-standard",
                    "guest_accelerator": [],
                    "image_type": "COS_CONTAINERD",
                    "labels": {
                      "env": "crack-battery-327504"
                    },
                    "local_ssd_count": 0,
                    "machine_type": "n1-standard-1",
                    "metadata": {
                      "disable-legacy-endpoints": "true"
                    },
                    "min_cpu_platform": "",
                    "oauth_scopes": [
                      "https://www.googleapis.com/auth/logging.write",
                      "https://www.googleapis.com/auth/monitoring"
                    ],
                    "preemptible": false,
                    "service_account": "default",
                    "shielded_instance_config": [
                      {
                        "enable_integrity_monitoring": true,
                        "enable_secure_boot": false
                      }
                    ],
                    "tags": [
                      "gke-node",
                      "crack-battery-327504-gke"
                    ],
                    "taint": [],
                    "workload_metadata_config": []
                  }
                ],
                "node_count": 1,
                "node_locations": [
                  "us-central1-a"
                ],
                "upgrade_settings": [
                  {
                    "max_surge": 1,
                    "max_unavailable": 0
                  }
                ],
                "version": "1.20.10-gke.1600"
              }
            ],
            "node_version": "1.20.10-gke.1600",
            "operation": null,
            "pod_security_policy_config": [],
            "private_cluster_config": [],
            "project": "crack-battery-327504",
            "release_channel": [
              {
                "channel": "REGULAR"
              }
            ],
            "remove_default_node_pool": true,
            "resource_labels": {},
            "resource_usage_export_config": [],
            "self_link": "https://container.googleapis.com/v1beta1/projects/crack-battery-327504/zones/us-central1-a/clusters/crack-battery-327504-gke",
            "services_ipv4_cidr": "10.51.240.0/20",
            "subnetwork": "projects/crack-battery-327504/regions/us-central1/subnetworks/crack-battery-327504-subnet",
            "timeouts": null,
            "vertical_pod_autoscaling": [
              {
                "enabled": true
              }
            ],
            "workload_identity_config": []
          },
          "sensitive_attributes": [],
          "private": "eyJlMmJmYjczMC1lY2FhLTExZTYtOGY4OC0zNDM2M2JjN2M0YzAiOnsiY3JlYXRlIjoyNDAwMDAwMDAwMDAwLCJkZWxldGUiOjI0MDAwMDAwMDAwMDAsInJlYWQiOjI0MDAwMDAwMDAwMDAsInVwZGF0ZSI6MzYwMDAwMDAwMDAwMH0sInNjaGVtYV92ZXJzaW9uIjoiMSJ9",
          "dependencies": [
            "google_compute_subnetwork.subnet",
            "google_compute_network.vpc"
          ]
        }
      ]
    },
    {
      "mode": "managed",
      "type": "google_container_node_pool",
      "name": "app-pool",
      "provider": "provider[\"registry.terraform.io/hashicorp/google\"]",
      "instances": [
        {
          "schema_version": 1,
          "attributes": {
            "autoscaling": [
              {
                "max_node_count": 3,
                "min_node_count": 1
              }
            ],
            "cluster": "crack-battery-327504-gke",
            "id": "projects/crack-battery-327504/locations/us-central1-a/clusters/crack-battery-327504-gke/nodePools/crack-battery-327504-gke-app-pool",
            "initial_node_count": 1,
            "instance_group_urls": [
              "https://www.googleapis.com/compute/v1/projects/crack-battery-327504/zones/us-central1-a/instanceGroupManagers/gke-crack-battery-32-crack-battery-32-379cfa19-grp"
            ],
            "location": "us-central1-a",
            "management": [
              {
                "auto_repair": true,
                "auto_upgrade": true
              }
            ],
            "max_pods_per_node": null,
            "name": "crack-battery-327504-gke-app-pool",
            "name_prefix": "",
            "node_config": [
              {
                "disk_size_gb": 100,
                "disk_type": "pd-standard",
                "guest_accelerator": [],
                "image_type": "COS_CONTAINERD",
                "labels": {
                  "env": "crack-battery-327504"
                },
                "local_ssd_count": 0,
                "machine_type": "n1-standard-1",
                "metadata": {
                  "disable-legacy-endpoints": "true"
                },
                "min_cpu_platform": "",
                "oauth_scopes": [
                  "https://www.googleapis.com/auth/logging.write",
                  "https://www.googleapis.com/auth/monitoring"
                ],
                "preemptible": false,
                "service_account": "default",
                "shielded_instance_config": [
                  {
                    "enable_integrity_monitoring": true,
                    "enable_secure_boot": false
                  }
                ],
                "tags": [
                  "gke-node",
                  "crack-battery-327504-gke"
                ],
                "taint": [],
                "workload_metadata_config": []
              }
            ],
            "node_count": 1,
            "node_locations": [
              "us-central1-a"
            ],
            "project": "crack-battery-327504",
            "timeouts": null,
            "upgrade_settings": [
              {
                "max_surge": 1,
                "max_unavailable": 0
              }
            ],
            "version": "1.20.10-gke.1600"
          },
          "sensitive_attributes": [],
          "private": "eyJlMmJmYjczMC1lY2FhLTExZTYtOGY4OC0zNDM2M2JjN2M0YzAiOnsiY3JlYXRlIjoxODAwMDAwMDAwMDAwLCJkZWxldGUiOjE4MDAwMDAwMDAwMDAsInVwZGF0ZSI6MTgwMDAwMDAwMDAwMH0sInNjaGVtYV92ZXJzaW9uIjoiMSJ9",
          "dependencies": [
            "google_compute_subnetwork.subnet",
            "google_container_cluster.primary",
            "google_compute_network.vpc"
          ]
        }
      ]
    },
    {
      "mode": "managed",
      "type": "google_container_node_pool",
      "name": "data-pool",
      "provider": "provider[\"registry.terraform.io/hashicorp/google\"]",
      "instances": [
        {
          "schema_version": 1,
          "attributes": {
            "autoscaling": [
              {
                "max_node_count": 2,
                "min_node_count": 2
              }
            ],
            "cluster": "crack-battery-327504-gke",
            "id": "projects/crack-battery-327504/locations/us-central1-a/clusters/crack-battery-327504-gke/nodePools/crack-battery-327504-gke-data-pool",
            "initial_node_count": 1,
            "instance_group_urls": [
              "https://www.googleapis.com/compute/v1/projects/crack-battery-327504/zones/us-central1-a/instanceGroupManagers/gke-crack-battery-32-crack-battery-32-52f12d51-grp"
            ],
            "location": "us-central1-a",
            "management": [
              {
                "auto_repair": true,
                "auto_upgrade": true
              }
            ],
            "max_pods_per_node": null,
            "name": "crack-battery-327504-gke-data-pool",
            "name_prefix": "",
            "node_config": [
              {
                "disk_size_gb": 100,
                "disk_type": "pd-standard",
                "guest_accelerator": [],
                "image_type": "COS_CONTAINERD",
                "labels": {
                  "env": "crack-battery-327504"
                },
                "local_ssd_count": 0,
                "machine_type": "n1-standard-1",
                "metadata": {
                  "disable-legacy-endpoints": "true"
                },
                "min_cpu_platform": "",
                "oauth_scopes": [
                  "https://www.googleapis.com/auth/logging.write",
                  "https://www.googleapis.com/auth/monitoring"
                ],
                "preemptible": false,
                "service_account": "default",
                "shielded_instance_config": [
                  {
                    "enable_integrity_monitoring": true,
                    "enable_secure_boot": false
                  }
                ],
                "tags": [
                  "gke-node",
                  "crack-battery-327504-gke"
                ],
                "taint": [],
                "workload_metadata_config": []
              }
            ],
            "node_count": 1,
            "node_locations": [
              "us-central1-a"
            ],
            "project": "crack-battery-327504",
            "timeouts": null,
            "upgrade_settings": [
              {
                "max_surge": 1,
                "max_unavailable": 0
              }
            ],
            "version": "1.20.10-gke.1600"
          },
          "sensitive_attributes": [],
          "private": "eyJlMmJmYjczMC1lY2FhLTExZTYtOGY4OC0zNDM2M2JjN2M0YzAiOnsiY3JlYXRlIjoxODAwMDAwMDAwMDAwLCJkZWxldGUiOjE4MDAwMDAwMDAwMDAsInVwZGF0ZSI6MTgwMDAwMDAwMDAwMH0sInNjaGVtYV92ZXJzaW9uIjoiMSJ9",
          "dependencies": [
            "google_container_cluster.primary"
          ]
        }
      ]
    }
  ]
}
